
Microsoft Visual Studio Solution File, Format Version 12.00
# Visual Studio Version 16
VisualStudioVersion = 16.0.29324.140
MinimumVisualStudioVersion = 10.0.40219.1
Project("{FAE04EC0-301F-11D3-BF4B-00C04F79EFBC}") = "ProgettoPlotter", "ProgettoPlotter\ProgettoPlotter.csproj", "{737EE156-0183-4419-8EDE-512282C261CB}"
EndProject
Global
	GlobalSection(SolutionConfigurationPlatforms) = preSolution
		Debug|Any CPU = Debug|Any CPU
		Release|Any CPU = Release|Any CPU
	EndGlobalSection
	GlobalSection(ProjectConfigurationPlatforms) = postSolution
		{737EE156-0183-4419-8EDE-512282C261CB}.Debug|Any CPU.ActiveCfg = Debug|Any CPU
		{737EE156-0183-4419-8EDE-512282C261CB}.Debug|Any CPU.Build.0 = Debug|Any CPU
		{737EE156-0183-4419-8EDE-512282C261CB}.Release|Any CPU.ActiveCfg = Release|Any CPU
		{737EE156-0183-4419-8EDE-512282C261CB}.Release|Any CPU.Build.0 = Release|Any CPU
	EndGlobalSection
	GlobalSection(SolutionProperties) = preSolution
		HideSolutionNode = FALSE
	EndGlobalSection
	GlobalSection(ExtensibilityGlobals) = postSolution
		SolutionGuid = {C637511D-E68B-4634-ADEA-203926467672}
	EndGlobalSection
EndGlobal
